{
  "requires": true,
  "lockfileVersion": 1,
  "dependencies": {
    "buefy": {
      "version": "0.8.15",
      "resolved": "https://registry.npmjs.org/buefy/-/buefy-0.8.15.tgz",
      "integrity": "sha512-rDTtLNIip+uFpB1Z9E9YllLPYUkJUIFsf7tBhutNfP9SYGrcDhXnUsIEhPHSxGEeddPlX9YT98Mx1zhOz622vg==",
      "requires": {
        "bulma": "0.7.5"
      }
    },
    "bulma": {
      "version": "0.7.5",
      "resolved": "https://registry.npmjs.org/bulma/-/bulma-0.7.5.tgz",
      "integrity": "sha512-cX98TIn0I6sKba/DhW0FBjtaDpxTelU166pf7ICXpCCuplHWyu6C9LYZmL5PEsnePIeJaiorsTEzzNk3Tsm1hw=="
    }
  }
}
